{
  "lockfile_version": "1",
  "packages": {
    "gh@2.96.0": {
      "last_modified": "2026-07-08T21:13:06Z",
      "resolved": "github:NixOS/nixpkgs/389ed85304b281ca7f306cf8a1eb4378651ca44e#gh",
      "source": "devbox-search",
      "version": "2.96.0",
      "systems": {
        "aarch64-darwin": {
          "outputs": [
            {
              "name": "out",
              "path": "/nix/store/5m3slxi84h97r5hzmy4dhfksl9cc166a-gh-2.96.0",
              "default": true
            }
          ],
          "store_path": "/nix/store/5m3slxi84h97r5hzmy4dhfksl9cc166a-gh-2.96.0"
        },
        "aarch64-linux": {
          "outputs": [
            {
              "name": "out",
              "path": "/nix/store/85s40vacs1ajn0x7b3vszvlqwnflh0dq-gh-2.96.0",
              "default": true
            }
          ],
          "store_path": "/nix/store/85s40vacs1ajn0x7b3vszvlqwnflh0dq-gh-2.96.0"
        },
        "x86_64-darwin": {
          "outputs": [
            {
              "name": "out",
              "path": "/nix/store/waa7fl1d466lkihg89p60iisjwynyfb7-gh-2.96.0",
              "default": true
            }
          ],
          "store_path": "/nix/store/waa7fl1d466lkihg89p60iisjwynyfb7-gh-2.96.0"
        },
        "x86_64-linux": {
          "outputs": [
            {
              "name": "out",
              "path": "/nix/store/fz2h6h3cgw645ighi31zdjwbkdzmaav7-gh-2.96.0",
              "default": true
            }
          ],
          "store_path": "/nix/store/fz2h6h3cgw645ighi31zdjwbkdzmaav7-gh-2.96.0"
        }
      }
    },
    "github:NixOS/nixpkgs/nixpkgs-unstable": {
      "last_modified": "2026-07-20T13:48:30Z",
      "resolved": "github:NixOS/nixpkgs/421eebfd0ec7bccd4abe826ce62d7e6e83129493?lastModified=1784555310&narHash=sha256-%2FFCliTPgiuV1owejZFNx3Ch9irdvkOfOFl%2BHHZ%2BDrtM%3D"
    },
    "glab@1.108.0": {
      "last_modified": "2026-07-16T04:38:10Z",
      "resolved": "github:NixOS/nixpkgs/6368bc923cec55a5f78960ade0cb4dd99580e087#glab",
      "source": "devbox-search",
      "version": "1.108.0",
      "systems": {
        "aarch64-darwin": {
          "outputs": [
            {
              "name": "out",
              "path": "/nix/store/g1pxpc8mc85b5njadwc7c4ji9z17gs6m-glab-1.108.0",
              "default": true
            }
          ],
          "store_path": "/nix/store/g1pxpc8mc85b5njadwc7c4ji9z17gs6m-glab-1.108.0"
        },
        "aarch64-linux": {
          "outputs": [
            {
              "name": "out",
              "path": "/nix/store/qsh8x8h14cbrkkmgxzgh8kz2qpiqh16f-glab-1.108.0",
              "default": true
            }
          ],
          "store_path": "/nix/store/qsh8x8h14cbrkkmgxzgh8kz2qpiqh16f-glab-1.108.0"
        },
        "x86_64-linux": {
          "outputs": [
            {
              "name": "out",
              "path": "/nix/store/3czfggb51vdif2fia979hcv3cl9cib4p-glab-1.108.0",
              "default": true
            }
          ],
          "store_path": "/nix/store/3czfggb51vdif2fia979hcv3cl9cib4p-glab-1.108.0"
        }
      }
    },
    "go-containerregistry@0.21.9": {
      "last_modified": "2026-08-17T10:51:46Z",
      "resolved": "github:NixOS/nixpkgs/f4b6996c4e8b9ee06ce147ec344c885f51071b14#go-containerregistry",
      "source": "devbox-search",
      "version": "0.21.9",
      "systems": {
        "aarch64-darwin": {
          "outputs": [
            {
              "name": "out",
              "path": "/nix/store/zq6cldq5hlqam1bg6736fpw8bbjxq7rh-go-containerregistry-0.21.9",
              "default": true
            },
            {
              "name": "crane",
              "path": "/nix/store/2ah0smg84i2km0b1hmhcmsi5q2sbljp6-go-containerregistry-0.21.9-crane"
            },
            {
              "name": "gcrane",
              "path": "/nix/store/jxxl53mzand9dfg9wjaqxv63jc7cc5gf-go-containerregistry-0.21.9-gcrane"
            }
          ],
          "store_path": "/nix/store/zq6cldq5hlqam1bg6736fpw8bbjxq7rh-go-containerregistry-0.21.9"
        },
        "aarch64-linux": {
          "outputs": [
            {
              "name": "out",
              "path": "/nix/store/gcks9v3bcm04x5qh6zpf5xplpqfvrll3-go-containerregistry-0.21.9",
              "default": true
            },
            {
              "name": "crane",
              "path": "/nix/store/7wr7hypk4q8i060wpda4x7ibq12nn620-go-containerregistry-0.21.9-crane"
            },
            {
              "name": "gcrane",
              "path": "/nix/store/9z26iqhn3px67y2syny5vavi1nsymcfc-go-containerregistry-0.21.9-gcrane"
            }
          ],
          "store_path": "/nix/store/gcks9v3bcm04x5qh6zpf5xplpqfvrll3-go-containerregistry-0.21.9"
        },
        "x86_64-linux": {
          "outputs": [
            {
              "name": "out",
              "path": "/nix/store/1i9y9b7pxqn9fjicbvaiprwwfnjb7vkb-go-containerregistry-0.21.9",
              "default": true
            },
            {
              "name": "crane",
              "path": "/nix/store/k5460jljzlx0a3ywpnpdml20qvj86vpd-go-containerregistry-0.21.9-crane"
            },
            {
              "name": "gcrane",
              "path": "/nix/store/3agsgmvwh6hkknqnn7hj670v7m61377y-go-containerregistry-0.21.9-gcrane"
            }
          ],
          "store_path": "/nix/store/1i9y9b7pxqn9fjicbvaiprwwfnjb7vkb-go-containerregistry-0.21.9"
        }
      }
    },
    "yq-go@4.53.3": {
      "last_modified": "2026-07-08T21:13:06Z",
      "resolved": "github:NixOS/nixpkgs/389ed85304b281ca7f306cf8a1eb4378651ca44e#yq-go",
      "source": "devbox-search",
      "version": "4.53.3",
      "systems": {
        "aarch64-darwin": {
          "outputs": [
            {
              "name": "out",
              "path": "/nix/store/9x8sapbkkkwxy4qn6lq32qx8bqf5d2jr-yq-go-4.53.3",
              "default": true
            }
          ],
          "store_path": "/nix/store/9x8sapbkkkwxy4qn6lq32qx8bqf5d2jr-yq-go-4.53.3"
        },
        "aarch64-linux": {
          "outputs": [
            {
              "name": "out",
              "path": "/nix/store/s24bx4a3657gmnryahqa7didwa8bcii5-yq-go-4.53.3",
              "default": true
            }
          ],
          "store_path": "/nix/store/s24bx4a3657gmnryahqa7didwa8bcii5-yq-go-4.53.3"
        },
        "x86_64-darwin": {
          "outputs": [
            {
              "name": "out",
              "path": "/nix/store/agf9fyr053m3092vsmh6vih3apz0kw05-yq-go-4.53.3",
              "default": true
            }
          ],
          "store_path": "/nix/store/agf9fyr053m3092vsmh6vih3apz0kw05-yq-go-4.53.3"
        },
        "x86_64-linux": {
          "outputs": [
            {
              "name": "out",
              "path": "/nix/store/cgad2c1jkcm04mrgf7djy5c4dyylr60v-yq-go-4.53.3",
              "default": true
            }
          ],
          "store_path": "/nix/store/cgad2c1jkcm04mrgf7djy5c4dyylr60v-yq-go-4.53.3"
        }
      }
    }
  }
}
